
Microsoft Visual Studio Solution File, Format Version 12.00
# Visual Studio 2013
VisualStudioVersion = 12.0.30324.0
MinimumVisualStudioVersion = 10.0.40219.1
Project("{FAE04EC0-301F-11D3-BF4B-00C04F79EFBC}") = "MVC1ejemplo", "MVC1ejemplo\MVC1ejemplo.csproj", "{CC2960C2-4EEF-4D10-8EEA-AE97FF38C7C3}"
EndProject
Project("{FAE04EC0-301F-11D3-BF4B-00C04F79EFBC}") = "MVC1ejemplo.Tests", "MVC1ejemplo.Tests\MVC1ejemplo.Tests.csproj", "{6A996AC4-EA6C-462A-970F-1CF94D0DD578}"
EndProject
Global
	GlobalSection(SolutionConfigurationPlatforms) = preSolution
		Debug|Any CPU = Debug|Any CPU
		Release|Any CPU = Release|Any CPU
	EndGlobalSection
	GlobalSection(ProjectConfigurationPlatforms) = postSolution
		{CC2960C2-4EEF-4D10-8EEA-AE97FF38C7C3}.Debug|Any CPU.ActiveCfg = Debug|Any CPU
		{CC2960C2-4EEF-4D10-8EEA-AE97FF38C7C3}.Debug|Any CPU.Build.0 = Debug|Any CPU
		{CC2960C2-4EEF-4D10-8EEA-AE97FF38C7C3}.Release|Any CPU.ActiveCfg = Release|Any CPU
		{CC2960C2-4EEF-4D10-8EEA-AE97FF38C7C3}.Release|Any CPU.Build.0 = Release|Any CPU
		{6A996AC4-EA6C-462A-970F-1CF94D0DD578}.Debug|Any CPU.ActiveCfg = Debug|Any CPU
		{6A996AC4-EA6C-462A-970F-1CF94D0DD578}.Debug|Any CPU.Build.0 = Debug|Any CPU
		{6A996AC4-EA6C-462A-970F-1CF94D0DD578}.Release|Any CPU.ActiveCfg = Release|Any CPU
		{6A996AC4-EA6C-462A-970F-1CF94D0DD578}.Release|Any CPU.Build.0 = Release|Any CPU
	EndGlobalSection
	GlobalSection(SolutionProperties) = preSolution
		HideSolutionNode = FALSE
	EndGlobalSection
EndGlobal
